
Microsoft Visual Studio Solution File, Format Version 12.00
# Visual Studio Version 16
VisualStudioVersion = 16.0.32630.194
MinimumVisualStudioVersion = 10.0.40219.1
Project("{FAE04EC0-301F-11D3-BF4B-00C04F79EFBC}") = "10242 Pillay Semeshan DOE522 FA2 Question 2", "10242 Pillay Semeshan DOE522 FA2 Question 2.csproj", "{26028F39-2CCF-4A87-8C4D-DD6112E8B941}"
EndProject
Global
	GlobalSection(SolutionConfigurationPlatforms) = preSolution
		Debug|Any CPU = Debug|Any CPU
		Release|Any CPU = Release|Any CPU
	EndGlobalSection
	GlobalSection(ProjectConfigurationPlatforms) = postSolution
		{26028F39-2CCF-4A87-8C4D-DD6112E8B941}.Debug|Any CPU.ActiveCfg = Debug|Any CPU
		{26028F39-2CCF-4A87-8C4D-DD6112E8B941}.Debug|Any CPU.Build.0 = Debug|Any CPU
		{26028F39-2CCF-4A87-8C4D-DD6112E8B941}.Release|Any CPU.ActiveCfg = Release|Any CPU
		{26028F39-2CCF-4A87-8C4D-DD6112E8B941}.Release|Any CPU.Build.0 = Release|Any CPU
	EndGlobalSection
	GlobalSection(SolutionProperties) = preSolution
		HideSolutionNode = FALSE
	EndGlobalSection
	GlobalSection(ExtensibilityGlobals) = postSolution
		SolutionGuid = {8307FD3A-85D3-42D9-94D2-FC072788874F}
	EndGlobalSection
EndGlobal
